
Microsoft Visual Studio Solution File, Format Version 12.00
# Visual Studio Version 16
VisualStudioVersion = 16.0.29728.190
MinimumVisualStudioVersion = 10.0.40219.1
Project("{9A19103F-16F7-4668-BE54-9A1E7A4F7556}") = "DojoTracker", "DojoTracker.csproj", "{9401A4F5-D097-4FB4-8BB5-F3BF753A4AE7}"
EndProject
Project("{FAE04EC0-301F-11D3-BF4B-00C04F79EFBC}") = "TestDojoTracker", "..\DojoTrackerTest\TestDojoTracker.csproj", "{8A937192-38DD-4847-A55E-E6B1EFD80093}"
EndProject
Global
	GlobalSection(SolutionConfigurationPlatforms) = preSolution
		Debug|Any CPU = Debug|Any CPU
		Release|Any CPU = Release|Any CPU
	EndGlobalSection
	GlobalSection(ProjectConfigurationPlatforms) = postSolution
		{9401A4F5-D097-4FB4-8BB5-F3BF753A4AE7}.Debug|Any CPU.ActiveCfg = Debug|Any CPU
		{9401A4F5-D097-4FB4-8BB5-F3BF753A4AE7}.Debug|Any CPU.Build.0 = Debug|Any CPU
		{9401A4F5-D097-4FB4-8BB5-F3BF753A4AE7}.Release|Any CPU.ActiveCfg = Release|Any CPU
		{9401A4F5-D097-4FB4-8BB5-F3BF753A4AE7}.Release|Any CPU.Build.0 = Release|Any CPU
		{8A937192-38DD-4847-A55E-E6B1EFD80093}.Debug|Any CPU.ActiveCfg = Debug|Any CPU
		{8A937192-38DD-4847-A55E-E6B1EFD80093}.Debug|Any CPU.Build.0 = Debug|Any CPU
		{8A937192-38DD-4847-A55E-E6B1EFD80093}.Release|Any CPU.ActiveCfg = Release|Any CPU
		{8A937192-38DD-4847-A55E-E6B1EFD80093}.Release|Any CPU.Build.0 = Release|Any CPU
	EndGlobalSection
	GlobalSection(SolutionProperties) = preSolution
		HideSolutionNode = FALSE
	EndGlobalSection
	GlobalSection(ExtensibilityGlobals) = postSolution
		SolutionGuid = {C34B86C2-E218-461A-90B9-DD33C808A047}
	EndGlobalSection
EndGlobal
